// !$*UTF8*$!
{
	archiveVersion = 1;
	classes = {
	};
	objectVersion = 46;
	objects = {

/* Begin PBXBuildFile section */
		500446881F5E3D73000854AC /* test2Controller.m in Sources */ = {isa = PBXBuildFile; fileRef = 500446871F5E3D73000854AC /* test2Controller.m */; };
		5095B45A1F5CE6340056E718 /* main.m in Sources */ = {isa = PBXBuildFile; fileRef = 5095B4591F5CE6340056E718 /* main.m */; };
		5095B45D1F5CE6340056E718 /* AppDelegate.m in Sources */ = {isa = PBXBuildFile; fileRef = 5095B45C1F5CE6340056E718 /* AppDelegate.m */; };
		5095B4601F5CE6340056E718 /* ViewController.m in Sources */ = {isa = PBXBuildFile; fileRef = 5095B45F1F5CE6340056E718 /* ViewController.m */; };
		5095B4631F5CE6340056E718 /* Main.storyboard in Resources */ = {isa = PBXBuildFile; fileRef = 5095B4611F5CE6340056E718 /* Main.storyboard */; };
		5095B4651F5CE6340056E718 /* Assets.xcassets in Resources */ = {isa = PBXBuildFile; fileRef = 5095B4641F5CE6340056E718 /* Assets.xcassets */; };
		5095B4681F5CE6340056E718 /* LaunchScreen.storyboard in Resources */ = {isa = PBXBuildFile; fileRef = 5095B4661F5CE6340056E718 /* LaunchScreen.storyboard */; };
		5095B4721F5CE7040056E718 /* LSSVideoView.m in Sources */ = {isa = PBXBuildFile; fileRef = 5095B4711F5CE7040056E718 /* LSSVideoView.m */; };
		5095B4751F5CE74A0056E718 /* LSSVideoModel.m in Sources */ = {isa = PBXBuildFile; fileRef = 5095B4741F5CE74A0056E718 /* LSSVideoModel.m */; };
		5095B4781F5CE77B0056E718 /* LSSVAssetWriteManager.m in Sources */ = {isa = PBXBuildFile; fileRef = 5095B4771F5CE77B0056E718 /* LSSVAssetWriteManager.m */; };
		5095B4991F5CF7F70056E718 /* LSSPlayController.m in Sources */ = {isa = PBXBuildFile; fileRef = 5095B4981F5CF7F70056E718 /* LSSPlayController.m */; };
		509C07F51F5CFD63006BF278 /* testController.m in Sources */ = {isa = PBXBuildFile; fileRef = 509C07F41F5CFD63006BF278 /* testController.m */; };
		50C664C31F62B2A900DBF28C /* RecordSmallVideo.bundle in Resources */ = {isa = PBXBuildFile; fileRef = 50C664C21F62B2A900DBF28C /* RecordSmallVideo.bundle */; };
/* End PBXBuildFile section */

/* Begin PBXFileReference section */
		500446861F5E3D73000854AC /* test2Controller.h */ = {isa = PBXFileReference; fileEncoding = 4; lastKnownFileType = sourcecode.c.h; path = test2Controller.h; sourceTree = "<group>"; };
		500446871F5E3D73000854AC /* test2Controller.m */ = {isa = PBXFileReference; fileEncoding = 4; lastKnownFileType = sourcecode.c.objc; path = test2Controller.m; sourceTree = "<group>"; };
		5095B4551F5CE6340056E718 /* LSSSmallVideoRecord.app */ = {isa = PBXFileReference; explicitFileType = wrapper.application; includeInIndex = 0; path = LSSSmallVideoRecord.app; sourceTree = BUILT_PRODUCTS_DIR; };
		5095B4591F5CE6340056E718 /* main.m */ = {isa = PBXFileReference; lastKnownFileType = sourcecode.c.objc; path = main.m; sourceTree = "<group>"; };
		5095B45B1F5CE6340056E718 /* AppDelegate.h */ = {isa = PBXFileReference; lastKnownFileType = sourcecode.c.h; path = AppDelegate.h; sourceTree = "<group>"; };
		5095B45C1F5CE6340056E718 /* AppDelegate.m */ = {isa = PBXFileReference; lastKnownFileType = sourcecode.c.objc; path = AppDelegate.m; sourceTree = "<group>"; };
		5095B45E1F5CE6340056E718 /* ViewController.h */ = {isa = PBXFileReference; lastKnownFileType = sourcecode.c.h; path = ViewController.h; sourceTree = "<group>"; };
		5095B45F1F5CE6340056E718 /* ViewController.m */ = {isa = PBXFileReference; lastKnownFileType = sourcecode.c.objc; path = ViewController.m; sourceTree = "<group>"; };
		5095B4621F5CE6340056E718 /* Base */ = {isa = PBXFileReference; lastKnownFileType = file.storyboard; name = Base; path = Base.lproj/Main.storyboard; sourceTree = "<group>"; };
		5095B4641F5CE6340056E718 /* Assets.xcassets */ = {isa = PBXFileReference; lastKnownFileType = folder.assetcatalog; path = Assets.xcassets; sourceTree = "<group>"; };
		5095B4671F5CE6340056E718 /* Base */ = {isa = PBXFileReference; lastKnownFileType = file.storyboard; name = Base; path = Base.lproj/LaunchScreen.storyboard; sourceTree = "<group>"; };
		5095B4691F5CE6340056E718 /* Info.plist */ = {isa = PBXFileReference; lastKnownFileType = text.plist.xml; path = Info.plist; sourceTree = "<group>"; };
		5095B4701F5CE7040056E718 /* LSSVideoView.h */ = {isa = PBXFileReference; fileEncoding = 4; lastKnownFileType = sourcecode.c.h; path = LSSVideoView.h; sourceTree = "<group>"; };
		5095B4711F5CE7040056E718 /* LSSVideoView.m */ = {isa = PBXFileReference; fileEncoding = 4; lastKnownFileType = sourcecode.c.objc; path = LSSVideoView.m; sourceTree = "<group>"; };
		5095B4731F5CE74A0056E718 /* LSSVideoModel.h */ = {isa = PBXFileReference; fileEncoding = 4; lastKnownFileType = sourcecode.c.h; path = LSSVideoModel.h; sourceTree = "<group>"; };
		5095B4741F5CE74A0056E718 /* LSSVideoModel.m */ = {isa = PBXFileReference; fileEncoding = 4; lastKnownFileType = sourcecode.c.objc; path = LSSVideoModel.m; sourceTree = "<group>"; };
		5095B4761F5CE77B0056E718 /* LSSVAssetWriteManager.h */ = {isa = PBXFileReference; fileEncoding = 4; lastKnownFileType = sourcecode.c.h; path = LSSVAssetWriteManager.h; sourceTree = "<group>"; };
		5095B4771F5CE77B0056E718 /* LSSVAssetWriteManager.m */ = {isa = PBXFileReference; fileEncoding = 4; lastKnownFileType = sourcecode.c.objc; path = LSSVAssetWriteManager.m; sourceTree = "<group>"; };
		5095B4971F5CF7F70056E718 /* LSSPlayController.h */ = {isa = PBXFileReference; fileEncoding = 4; lastKnownFileType = sourcecode.c.h; path = LSSPlayController.h; sourceTree = "<group>"; };
		5095B4981F5CF7F70056E718 /* LSSPlayController.m */ = {isa = PBXFileReference; fileEncoding = 4; lastKnownFileType = sourcecode.c.objc; path = LSSPlayController.m; sourceTree = "<group>"; };
		509C07F31F5CFD63006BF278 /* testController.h */ = {isa = PBXFileReference; fileEncoding = 4; lastKnownFileType = sourcecode.c.h; path = testController.h; sourceTree = "<group>"; };
		509C07F41F5CFD63006BF278 /* testController.m */ = {isa = PBXFileReference; fileEncoding = 4; lastKnownFileType = sourcecode.c.objc; path = testController.m; sourceTree = "<group>"; };
		50C664C21F62B2A900DBF28C /* RecordSmallVideo.bundle */ = {isa = PBXFileReference; lastKnownFileType = "wrapper.plug-in"; path = RecordSmallVideo.bundle; sourceTree = "<group>"; };
/* End PBXFileReference section */

/* Begin PBXFrameworksBuildPhase section */
		5095B4521F5CE6340056E718 /* Frameworks */ = {
			isa = PBXFrameworksBuildPhase;
			buildActionMask = 2147483647;
			files = (
			);
			runOnlyForDeploymentPostprocessing = 0;
		};
/* End PBXFrameworksBuildPhase section */

/* Begin PBXGroup section */
		5095B44C1F5CE6340056E718 = {
			isa = PBXGroup;
			children = (
				5095B4571F5CE6340056E718 /* LSSSmallVideoRecord */,
				5095B4561F5CE6340056E718 /* Products */,
			);
			sourceTree = "<group>";
		};
		5095B4561F5CE6340056E718 /* Products */ = {
			isa = PBXGroup;
			children = (
				5095B4551F5CE6340056E718 /* LSSSmallVideoRecord.app */,
			);
			name = Products;
			sourceTree = "<group>";
		};
		5095B4571F5CE6340056E718 /* LSSSmallVideoRecord */ = {
			isa = PBXGroup;
			children = (
				50C664C21F62B2A900DBF28C /* RecordSmallVideo.bundle */,
				5095B46F1F5CE66C0056E718 /* Class */,
				5095B45B1F5CE6340056E718 /* AppDelegate.h */,
				5095B45C1F5CE6340056E718 /* AppDelegate.m */,
				5095B45E1F5CE6340056E718 /* ViewController.h */,
				5095B45F1F5CE6340056E718 /* ViewController.m */,
				509C07F31F5CFD63006BF278 /* testController.h */,
				509C07F41F5CFD63006BF278 /* testController.m */,
				500446861F5E3D73000854AC /* test2Controller.h */,
				500446871F5E3D73000854AC /* test2Controller.m */,
				5095B4611F5CE6340056E718 /* Main.storyboard */,
				5095B4641F5CE6340056E718 /* Assets.xcassets */,
				5095B4661F5CE6340056E718 /* LaunchScreen.storyboard */,
				5095B4691F5CE6340056E718 /* Info.plist */,
				5095B4581F5CE6340056E718 /* Supporting Files */,
			);
			path = LSSSmallVideoRecord;
			sourceTree = "<group>";
		};
		5095B4581F5CE6340056E718 /* Supporting Files */ = {
			isa = PBXGroup;
			children = (
				5095B4591F5CE6340056E718 /* main.m */,
			);
			name = "Supporting Files";
			sourceTree = "<group>";
		};
		5095B46F1F5CE66C0056E718 /* Class */ = {
			isa = PBXGroup;
			children = (
				5095B4701F5CE7040056E718 /* LSSVideoView.h */,
				5095B4711F5CE7040056E718 /* LSSVideoView.m */,
				5095B4731F5CE74A0056E718 /* LSSVideoModel.h */,
				5095B4741F5CE74A0056E718 /* LSSVideoModel.m */,
				5095B4761F5CE77B0056E718 /* LSSVAssetWriteManager.h */,
				5095B4771F5CE77B0056E718 /* LSSVAssetWriteManager.m */,
				5095B4971F5CF7F70056E718 /* LSSPlayController.h */,
				5095B4981F5CF7F70056E718 /* LSSPlayController.m */,
			);
			path = Class;
			sourceTree = "<group>";
		};
/* End PBXGroup section */

/* Begin PBXNativeTarget section */
		5095B4541F5CE6340056E718 /* LSSSmallVideoRecord */ = {
			isa = PBXNativeTarget;
			buildConfigurationList = 5095B46C1F5CE6340056E718 /* Build configuration list for PBXNativeTarget "LSSSmallVideoRecord" */;
			buildPhases = (
				5095B4511F5CE6340056E718 /* Sources */,
				5095B4521F5CE6340056E718 /* Frameworks */,
				5095B4531F5CE6340056E718 /* Resources */,
			);
			buildRules = (
			);
			dependencies = (
			);
			name = LSSSmallVideoRecord;
			productName = LSSSmallVideoRecord;
			productReference = 5095B4551F5CE6340056E718 /* LSSSmallVideoRecord.app */;
			productType = "com.apple.product-type.application";
		};
/* End PBXNativeTarget section */

/* Begin PBXProject section */
		5095B44D1F5CE6340056E718 /* Project object */ = {
			isa = PBXProject;
			attributes = {
				LastUpgradeCheck = 0830;
				ORGANIZATIONNAME = insight;
				TargetAttributes = {
					5095B4541F5CE6340056E718 = {
						CreatedOnToolsVersion = 8.3.2;
						DevelopmentTeam = E8XN8F5354;
						ProvisioningStyle = Automatic;
					};
				};
			};
			buildConfigurationList = 5095B4501F5CE6340056E718 /* Build configuration list for PBXProject "LSSSmallVideoRecord" */;
			compatibilityVersion = "Xcode 3.2";
			developmentRegion = English;
			hasScannedForEncodings = 0;
			knownRegions = (
				en,
				Base,
			);
			mainGroup = 5095B44C1F5CE6340056E718;
			productRefGroup = 5095B4561F5CE6340056E718 /* Products */;
			projectDirPath = "";
			projectRoot = "";
			targets = (
				5095B4541F5CE6340056E718 /* LSSSmallVideoRecord */,
			);
		};
/* End PBXProject section */

/* Begin PBXResourcesBuildPhase section */
		5095B4531F5CE6340056E718 /* Resources */ = {
			isa = PBXResourcesBuildPhase;
			buildActionMask = 2147483647;
			files = (
				5095B4681F5CE6340056E718 /* LaunchScreen.storyboard in Resources */,
				5095B4651F5CE6340056E718 /* Assets.xcassets in Resources */,
				50C664C31F62B2A900DBF28C /* RecordSmallVideo.bundle in Resources */,
				5095B4631F5CE6340056E718 /* Main.storyboard in Resources */,
			);
			runOnlyForDeploymentPostprocessing = 0;
		};
/* End PBXResourcesBuildPhase section */

/* Begin PBXSourcesBuildPhase section */
		5095B4511F5CE6340056E718 /* Sources */ = {
			isa = PBXSourcesBuildPhase;
			buildActionMask = 2147483647;
			files = (
				5095B4781F5CE77B0056E718 /* LSSVAssetWriteManager.m in Sources */,
				5095B4601F5CE6340056E718 /* ViewController.m in Sources */,
				5095B4721F5CE7040056E718 /* LSSVideoView.m in Sources */,
				5095B45D1F5CE6340056E718 /* AppDelegate.m in Sources */,
				509C07F51F5CFD63006BF278 /* testController.m in Sources */,
				5095B45A1F5CE6340056E718 /* main.m in Sources */,
				5095B4751F5CE74A0056E718 /* LSSVideoModel.m in Sources */,
				5095B4991F5CF7F70056E718 /* LSSPlayController.m in Sources */,
				500446881F5E3D73000854AC /* test2Controller.m in Sources */,
			);
			runOnlyForDeploymentPostprocessing = 0;
		};
/* End PBXSourcesBuildPhase section */

/* Begin PBXVariantGroup section */
		5095B4611F5CE6340056E718 /* Main.storyboard */ = {
			isa = PBXVariantGroup;
			children = (
				5095B4621F5CE6340056E718 /* Base */,
			);
			name = Main.storyboard;
			sourceTree = "<group>";
		};
		5095B4661F5CE6340056E718 /* LaunchScreen.storyboard */ = {
			isa = PBXVariantGroup;
			children = (
				5095B4671F5CE6340056E718 /* Base */,
			);
			name = LaunchScreen.storyboard;
			sourceTree = "<group>";
		};
/* End PBXVariantGroup section */

/* Begin XCBuildConfiguration section */
		5095B46A1F5CE6340056E718 /* Debug */ = {
			isa = XCBuildConfiguration;
			buildSettings = {
				ALWAYS_SEARCH_USER_PATHS = NO;
				CLANG_ANALYZER_NONNULL = YES;
				CLANG_ANALYZER_NUMBER_OBJECT_CONVERSION = YES_AGGRESSIVE;
				CLANG_CXX_LANGUAGE_STANDARD = "gnu++0x";
				CLANG_CXX_LIBRARY = "libc++";
				CLANG_ENABLE_MODULES = YES;
				CLANG_ENABLE_OBJC_ARC = YES;
				CLANG_WARN_BOOL_CONVERSION = YES;
				CLANG_WARN_CONSTANT_CONVERSION = YES;
				CLANG_WARN_DIRECT_OBJC_ISA_USAGE = YES_ERROR;
				CLANG_WARN_DOCUMENTATION_COMMENTS = YES;
				CLANG_WARN_EMPTY_BODY = YES;
				CLANG_WARN_ENUM_CONVERSION = YES;
				CLANG_WARN_INFINITE_RECURSION = YES;
				CLANG_WARN_INT_CONVERSION = YES;
				CLANG_WARN_OBJC_ROOT_CLASS = YES_ERROR;
				CLANG_WARN_SUSPICIOUS_MOVE = YES;
				CLANG_WARN_UNREACHABLE_CODE = YES;
				CLANG_WARN__DUPLICATE_METHOD_MATCH = YES;
				"CODE_SIGN_IDENTITY[sdk=iphoneos*]" = "iPhone Developer";
				COPY_PHASE_STRIP = NO;
				DEBUG_INFORMATION_FORMAT = dwarf;
				ENABLE_STRICT_OBJC_MSGSEND = YES;
				ENABLE_TESTABILITY = YES;
				GCC_C_LANGUAGE_STANDARD = gnu99;
				GCC_DYNAMIC_NO_PIC = NO;
				GCC_NO_COMMON_BLOCKS = YES;
				GCC_OPTIMIZATION_LEVEL = 0;
				GCC_PREPROCESSOR_DEFINITIONS = (
					"DEBUG=1",
					"$(inherited)",
				);
				GCC_WARN_64_TO_32_BIT_CONVERSION = YES;
				GCC_WARN_ABOUT_RETURN_TYPE = YES_ERROR;
				GCC_WARN_UNDECLARED_SELECTOR = YES;
				GCC_WARN_UNINITIALIZED_AUTOS = YES_AGGRESSIVE;
				GCC_WARN_UNUSED_FUNCTION = YES;
				GCC_WARN_UNUSED_VARIABLE = YES;
				IPHONEOS_DEPLOYMENT_TARGET = 10.3;
				MTL_ENABLE_DEBUG_INFO = YES;
				ONLY_ACTIVE_ARCH = YES;
				SDKROOT = iphoneos;
				TARGETED_DEVICE_FAMILY = "1,2";
			};
			name = Debug;
		};
		5095B46B1F5CE6340056E718 /* Release */ = {
			isa = XCBuildConfiguration;
			buildSettings = {
				ALWAYS_SEARCH_USER_PATHS = NO;
				CLANG_ANALYZER_NONNULL = YES;
				CLANG_ANALYZER_NUMBER_OBJECT_CONVERSION = YES_AGGRESSIVE;
				CLANG_CXX_LANGUAGE_STANDARD = "gnu++0x";
				CLANG_CXX_LIBRARY = "libc++";
				CLANG_ENABLE_MODULES = YES;
				CLANG_ENABLE_OBJC_ARC = YES;
				CLANG_WARN_BOOL_CONVERSION = YES;
				CLANG_WARN_CONSTANT_CONVERSION = YES;
				CLANG_WARN_DIRECT_OBJC_ISA_USAGE = YES_ERROR;
				CLANG_WARN_DOCUMENTATION_COMMENTS = YES;
				CLANG_WARN_EMPTY_BODY = YES;
				CLANG_WARN_ENUM_CONVERSION = YES;
				CLANG_WARN_INFINITE_RECURSION = YES;
				CLANG_WARN_INT_CONVERSION = YES;
				CLANG_WARN_OBJC_ROOT_CLASS = YES_ERROR;
				CLANG_WARN_SUSPICIOUS_MOVE = YES;
				CLANG_WARN_UNREACHABLE_CODE = YES;
				CLANG_WARN__DUPLICATE_METHOD_MATCH = YES;
				"CODE_SIGN_IDENTITY[sdk=iphoneos*]" = "iPhone Developer";
				COPY_PHASE_STRIP = NO;
				DEBUG_INFORMATION_FORMAT = "dwarf-with-dsym";
				ENABLE_NS_ASSERTIONS = NO;
				ENABLE_STRICT_OBJC_MSGSEND = YES;
				GCC_C_LANGUAGE_STANDARD = gnu99;
				GCC_NO_COMMON_BLOCKS = YES;
				GCC_WARN_64_TO_32_BIT_CONVERSION = YES;
				GCC_WARN_ABOUT_RETURN_TYPE = YES_ERROR;
				GCC_WARN_UNDECLARED_SELECTOR = YES;
				GCC_WARN_UNINITIALIZED_AUTOS = YES_AGGRESSIVE;
				GCC_WARN_UNUSED_FUNCTION = YES;
				GCC_WARN_UNUSED_VARIABLE = YES;
				IPHONEOS_DEPLOYMENT_TARGET = 10.3;
				MTL_ENABLE_DEBUG_INFO = NO;
				SDKROOT = iphoneos;
				TARGETED_DEVICE_FAMILY = "1,2";
				VALIDATE_PRODUCT = YES;
			};
			name = Release;
		};
		5095B46D1F5CE6340056E718 /* Debug */ = {
			isa = XCBuildConfiguration;
			buildSettings = {
				ASSETCATALOG_COMPILER_APPICON_NAME = AppIcon;
				"CODE_SIGN_IDENTITY[sdk=iphoneos*]" = "iPhone Developer";
				DEVELOPMENT_TEAM = E8XN8F5354;
				INFOPLIST_FILE = LSSSmallVideoRecord/Info.plist;
				IPHONEOS_DEPLOYMENT_TARGET = 8.0;
				LD_RUNPATH_SEARCH_PATHS = "$(inherited) @executable_path/Frameworks";
				PRODUCT_BUNDLE_IDENTIFIER = insight.WeChatSmallVideoRecord;
				PRODUCT_NAME = "$(TARGET_NAME)";
				PROVISIONING_PROFILE_SPECIFIER = "";
			};
			name = Debug;
		};
		5095B46E1F5CE6340056E718 /* Release */ = {
			isa = XCBuildConfiguration;
			buildSettings = {
				ASSETCATALOG_COMPILER_APPICON_NAME = AppIcon;
				"CODE_SIGN_IDENTITY[sdk=iphoneos*]" = "iPhone Developer";
				DEVELOPMENT_TEAM = E8XN8F5354;
				INFOPLIST_FILE = LSSSmallVideoRecord/Info.plist;
				IPHONEOS_DEPLOYMENT_TARGET = 8.0;
				LD_RUNPATH_SEARCH_PATHS = "$(inherited) @executable_path/Frameworks";
				PRODUCT_BUNDLE_IDENTIFIER = insight.WeChatSmallVideoRecord;
				PRODUCT_NAME = "$(TARGET_NAME)";
				PROVISIONING_PROFILE_SPECIFIER = "";
			};
			name = Release;
		};
/* End XCBuildConfiguration section */

/* Begin XCConfigurationList section */
		5095B4501F5CE6340056E718 /* Build configuration list for PBXProject "LSSSmallVideoRecord" */ = {
			isa = XCConfigurationList;
			buildConfigurations = (
				5095B46A1F5CE6340056E718 /* Debug */,
				5095B46B1F5CE6340056E718 /* Release */,
			);
			defaultConfigurationIsVisible = 0;
			defaultConfigurationName = Release;
		};
		5095B46C1F5CE6340056E718 /* Build configuration list for PBXNativeTarget "LSSSmallVideoRecord" */ = {
			isa = XCConfigurationList;
			buildConfigurations = (
				5095B46D1F5CE6340056E718 /* Debug */,
				5095B46E1F5CE6340056E718 /* Release */,
			);
			defaultConfigurationIsVisible = 0;
			defaultConfigurationName = Release;
		};
/* End XCConfigurationList section */
	};
	rootObject = 5095B44D1F5CE6340056E718 /* Project object */;
}
